
Microsoft Visual Studio Solution File, Format Version 12.00
# Visual Studio Version 17
VisualStudioVersion = 17.8.34330.188
MinimumVisualStudioVersion = 10.0.40219.1
Project("{FAE04EC0-301F-11D3-BF4B-00C04F79EFBC}") = "TcpChat1.2", "TcpChat1.2\TcpChat1.2.csproj", "{36CE414C-6B00-49B9-B0E3-665820B98668}"
EndProject
Global
	GlobalSection(SolutionConfigurationPlatforms) = preSolution
		Debug|Any CPU = Debug|Any CPU
		Release|Any CPU = Release|Any CPU
	EndGlobalSection
	GlobalSection(ProjectConfigurationPlatforms) = postSolution
		{36CE414C-6B00-49B9-B0E3-665820B98668}.Debug|Any CPU.ActiveCfg = Debug|Any CPU
		{36CE414C-6B00-49B9-B0E3-665820B98668}.Debug|Any CPU.Build.0 = Debug|Any CPU
		{36CE414C-6B00-49B9-B0E3-665820B98668}.Release|Any CPU.ActiveCfg = Release|Any CPU
		{36CE414C-6B00-49B9-B0E3-665820B98668}.Release|Any CPU.Build.0 = Release|Any CPU
	EndGlobalSection
	GlobalSection(SolutionProperties) = preSolution
		HideSolutionNode = FALSE
	EndGlobalSection
	GlobalSection(ExtensibilityGlobals) = postSolution
		SolutionGuid = {FCFAE303-CF3B-4988-B698-67E6E62E24C8}
	EndGlobalSection
EndGlobal
